
Microsoft Visual Studio Solution File, Format Version 12.00
# Visual Studio Version 16
VisualStudioVersion = 16.0.31019.35
MinimumVisualStudioVersion = 10.0.40219.1
Project("{FAE04EC0-301F-11D3-BF4B-00C04F79EFBC}") = "Reports7", "Reports7\Reports7.csproj", "{80808E6B-45F6-40C2-8231-CEF4B8A16C67}"
EndProject
Project("{FAE04EC0-301F-11D3-BF4B-00C04F79EFBC}") = "Core", "Core\Core.csproj", "{135D120D-480A-49E5-99BA-EE231D172458}"
EndProject
Global
	GlobalSection(SolutionConfigurationPlatforms) = preSolution
		Debug|Any CPU = Debug|Any CPU
		Release|Any CPU = Release|Any CPU
	EndGlobalSection
	GlobalSection(ProjectConfigurationPlatforms) = postSolution
		{80808E6B-45F6-40C2-8231-CEF4B8A16C67}.Debug|Any CPU.ActiveCfg = Debug|Any CPU
		{80808E6B-45F6-40C2-8231-CEF4B8A16C67}.Debug|Any CPU.Build.0 = Debug|Any CPU
		{80808E6B-45F6-40C2-8231-CEF4B8A16C67}.Release|Any CPU.ActiveCfg = Release|Any CPU
		{80808E6B-45F6-40C2-8231-CEF4B8A16C67}.Release|Any CPU.Build.0 = Release|Any CPU
		{135D120D-480A-49E5-99BA-EE231D172458}.Debug|Any CPU.ActiveCfg = Debug|Any CPU
		{135D120D-480A-49E5-99BA-EE231D172458}.Debug|Any CPU.Build.0 = Debug|Any CPU
		{135D120D-480A-49E5-99BA-EE231D172458}.Release|Any CPU.ActiveCfg = Release|Any CPU
		{135D120D-480A-49E5-99BA-EE231D172458}.Release|Any CPU.Build.0 = Release|Any CPU
	EndGlobalSection
	GlobalSection(SolutionProperties) = preSolution
		HideSolutionNode = FALSE
	EndGlobalSection
	GlobalSection(ExtensibilityGlobals) = postSolution
		SolutionGuid = {5E460B75-3A1E-4DBA-A66B-889FA3D47D57}
	EndGlobalSection
EndGlobal
